
Microsoft Visual Studio Solution File, Format Version 12.00
# Visual Studio Version 17
VisualStudioVersion = 17.11.35303.130
MinimumVisualStudioVersion = 10.0.40219.1
Project("{2150E333-8FDC-42A3-9474-1A3956D46DE8}") = "Task0", "Task0", "{E4C4D81E-3478-446A-8458-938C4C25AE4F}"
EndProject
Project("{FAE04EC0-301F-11D3-BF4B-00C04F79EFBC}") = "Tyuiu.CherkashinMM.Sprint4.Task0.V9", "Tyuiu.CherkashinMM.Sprint4.Task0.V9\Tyuiu.CherkashinMM.Sprint4.Task0.V9.csproj", "{F4C13692-5D5D-4586-ADE9-BF97D09D3755}"
EndProject
Project("{FAE04EC0-301F-11D3-BF4B-00C04F79EFBC}") = "Tyuiu.CherkashinMM.Sprint4.Task0.V9.Lib", "Tyuiu.CherkashinMM.Sprint4.Task0.V9.Lib\Tyuiu.CherkashinMM.Sprint4.Task0.V9.Lib.csproj", "{1C48F8A6-8C3B-44BA-82F9-FC3B130131F4}"
EndProject
Project("{FAE04EC0-301F-11D3-BF4B-00C04F79EFBC}") = "Tyuiu.CherkashinMM.Sprint4.Task0.V9.Test", "Tyuiu.CherkashinMM.Sprint4.Task0.V9.Test\Tyuiu.CherkashinMM.Sprint4.Task0.V9.Test.csproj", "{CD173A68-E42D-4E57-8C3B-EF787C41B48A}"
EndProject
Project("{2150E333-8FDC-42A3-9474-1A3956D46DE8}") = "Task1", "Task1", "{AB377343-143F-47CB-925D-47B9A31399AD}"
EndProject
Project("{FAE04EC0-301F-11D3-BF4B-00C04F79EFBC}") = "Tyuiu.CherkashinMM.Sprint4.Task1.V9", "Tyuiu.CherkashinMM.Sprint4.Task1.V9\Tyuiu.CherkashinMM.Sprint4.Task1.V9.csproj", "{F7FCB807-8B0B-4101-B6B3-7F19C5DCF9C2}"
EndProject
Project("{FAE04EC0-301F-11D3-BF4B-00C04F79EFBC}") = "Tyuiu.CherkashinMM.Sprint4.Task1.V9.Lib", "Tyuiu.CherkashinMM.Sprint4.Task1.V9.Lib\Tyuiu.CherkashinMM.Sprint4.Task1.V9.Lib.csproj", "{101F52C3-DF3A-4D5D-8387-49970117543D}"
EndProject
Project("{FAE04EC0-301F-11D3-BF4B-00C04F79EFBC}") = "Tyuiu.CherkashinMM.Sprint4.Task1.V9.Test", "Tyuiu.CherkashinMM.Sprint4.Task1.V9.Test\Tyuiu.CherkashinMM.Sprint4.Task1.V9.Test.csproj", "{2B678528-E2E9-4FA0-B1AC-6F528C1C4BAB}"
EndProject
Project("{2150E333-8FDC-42A3-9474-1A3956D46DE8}") = "Task2", "Task2", "{07D9B596-748A-4C5B-BE17-58F7BEBDE14E}"
EndProject
Project("{FAE04EC0-301F-11D3-BF4B-00C04F79EFBC}") = "Tyuiu.CherkashinMM.Sprint4.Task2.V4", "Tyuiu.CherkashinMM.Sprint4.Task2.V4\Tyuiu.CherkashinMM.Sprint4.Task2.V4.csproj", "{C418DF9F-DA88-45FF-A72B-14F15BDF01DA}"
EndProject
Project("{FAE04EC0-301F-11D3-BF4B-00C04F79EFBC}") = "Tyuiu.CherkashinMM.Sprint4.Task2.V4.Lib", "Tyuiu.CherkashinMM.Sprint4.Task2.V4.Lib\Tyuiu.CherkashinMM.Sprint4.Task2.V4.Lib.csproj", "{F272D10F-D625-499F-9EB9-6E5F72B1C6D3}"
EndProject
Project("{FAE04EC0-301F-11D3-BF4B-00C04F79EFBC}") = "Tyuiu.CherkashinMM.Sprint4.Task2.V4.Test", "Tyuiu.CherkashinMM.Sprint4.Task2.V4.Test\Tyuiu.CherkashinMM.Sprint4.Task2.V4.Test.csproj", "{4085E66A-9047-4603-93EA-528C7A4D8F16}"
EndProject
Global
	GlobalSection(SolutionProperties) = preSolution
		HideSolutionNode = FALSE
	EndGlobalSection
	GlobalSection(ExtensibilityGlobals) = postSolution
		SolutionGuid = {2A8127A1-BB9B-46EC-A422-BE312CEBF238}
	EndGlobalSection
	GlobalSection(SolutionConfigurationPlatforms) = preSolution
		Debug|Any CPU = Debug|Any CPU
		Debug|x64 = Debug|x64
		Debug|x86 = Debug|x86
		Release|Any CPU = Release|Any CPU
		Release|x64 = Release|x64
		Release|x86 = Release|x86
	EndGlobalSection
	GlobalSection(ProjectConfigurationPlatforms) = postSolution
		{F4C13692-5D5D-4586-ADE9-BF97D09D3755}.Debug|Any CPU.ActiveCfg = Debug|Any CPU
		{F4C13692-5D5D-4586-ADE9-BF97D09D3755}.Debug|Any CPU.Build.0 = Debug|Any CPU
		{F4C13692-5D5D-4586-ADE9-BF97D09D3755}.Debug|x64.ActiveCfg = Debug|Any CPU
		{F4C13692-5D5D-4586-ADE9-BF97D09D3755}.Debug|x64.Build.0 = Debug|Any CPU
		{F4C13692-5D5D-4586-ADE9-BF97D09D3755}.Debug|x86.ActiveCfg = Debug|Any CPU
		{F4C13692-5D5D-4586-ADE9-BF97D09D3755}.Debug|x86.Build.0 = Debug|Any CPU
		{F4C13692-5D5D-4586-ADE9-BF97D09D3755}.Release|Any CPU.ActiveCfg = Release|Any CPU
		{F4C13692-5D5D-4586-ADE9-BF97D09D3755}.Release|Any CPU.Build.0 = Release|Any CPU
		{F4C13692-5D5D-4586-ADE9-BF97D09D3755}.Release|x64.ActiveCfg = Release|Any CPU
		{F4C13692-5D5D-4586-ADE9-BF97D09D3755}.Release|x64.Build.0 = Release|Any CPU
		{F4C13692-5D5D-4586-ADE9-BF97D09D3755}.Release|x86.ActiveCfg = Release|Any CPU
		{F4C13692-5D5D-4586-ADE9-BF97D09D3755}.Release|x86.Build.0 = Release|Any CPU
		{1C48F8A6-8C3B-44BA-82F9-FC3B130131F4}.Debug|Any CPU.ActiveCfg = Debug|Any CPU
		{1C48F8A6-8C3B-44BA-82F9-FC3B130131F4}.Debug|Any CPU.Build.0 = Debug|Any CPU
		{1C48F8A6-8C3B-44BA-82F9-FC3B130131F4}.Debug|x64.ActiveCfg = Debug|Any CPU
		{1C48F8A6-8C3B-44BA-82F9-FC3B130131F4}.Debug|x64.Build.0 = Debug|Any CPU
		{1C48F8A6-8C3B-44BA-82F9-FC3B130131F4}.Debug|x86.ActiveCfg = Debug|Any CPU
		{1C48F8A6-8C3B-44BA-82F9-FC3B130131F4}.Debug|x86.Build.0 = Debug|Any CPU
		{1C48F8A6-8C3B-44BA-82F9-FC3B130131F4}.Release|Any CPU.ActiveCfg = Release|Any CPU
		{1C48F8A6-8C3B-44BA-82F9-FC3B130131F4}.Release|Any CPU.Build.0 = Release|Any CPU
		{1C48F8A6-8C3B-44BA-82F9-FC3B130131F4}.Release|x64.ActiveCfg = Release|Any CPU
		{1C48F8A6-8C3B-44BA-82F9-FC3B130131F4}.Release|x64.Build.0 = Release|Any CPU
		{1C48F8A6-8C3B-44BA-82F9-FC3B130131F4}.Release|x86.ActiveCfg = Release|Any CPU
		{1C48F8A6-8C3B-44BA-82F9-FC3B130131F4}.Release|x86.Build.0 = Release|Any CPU
		{CD173A68-E42D-4E57-8C3B-EF787C41B48A}.Debug|Any CPU.ActiveCfg = Debug|Any CPU
		{CD173A68-E42D-4E57-8C3B-EF787C41B48A}.Debug|Any CPU.Build.0 = Debug|Any CPU
		{CD173A68-E42D-4E57-8C3B-EF787C41B48A}.Debug|x64.ActiveCfg = Debug|Any CPU
		{CD173A68-E42D-4E57-8C3B-EF787C41B48A}.Debug|x64.Build.0 = Debug|Any CPU
		{CD173A68-E42D-4E57-8C3B-EF787C41B48A}.Debug|x86.ActiveCfg = Debug|Any CPU
		{CD173A68-E42D-4E57-8C3B-EF787C41B48A}.Debug|x86.Build.0 = Debug|Any CPU
		{CD173A68-E42D-4E57-8C3B-EF787C41B48A}.Release|Any CPU.ActiveCfg = Release|Any CPU
		{CD173A68-E42D-4E57-8C3B-EF787C41B48A}.Release|Any CPU.Build.0 = Release|Any CPU
		{CD173A68-E42D-4E57-8C3B-EF787C41B48A}.Release|x64.ActiveCfg = Release|Any CPU
		{CD173A68-E42D-4E57-8C3B-EF787C41B48A}.Release|x64.Build.0 = Release|Any CPU
		{CD173A68-E42D-4E57-8C3B-EF787C41B48A}.Release|x86.ActiveCfg = Release|Any CPU
		{CD173A68-E42D-4E57-8C3B-EF787C41B48A}.Release|x86.Build.0 = Release|Any CPU
		{F7FCB807-8B0B-4101-B6B3-7F19C5DCF9C2}.Debug|Any CPU.ActiveCfg = Debug|Any CPU
		{F7FCB807-8B0B-4101-B6B3-7F19C5DCF9C2}.Debug|Any CPU.Build.0 = Debug|Any CPU
		{F7FCB807-8B0B-4101-B6B3-7F19C5DCF9C2}.Debug|x64.ActiveCfg = Debug|Any CPU
		{F7FCB807-8B0B-4101-B6B3-7F19C5DCF9C2}.Debug|x64.Build.0 = Debug|Any CPU
		{F7FCB807-8B0B-4101-B6B3-7F19C5DCF9C2}.Debug|x86.ActiveCfg = Debug|Any CPU
		{F7FCB807-8B0B-4101-B6B3-7F19C5DCF9C2}.Debug|x86.Build.0 = Debug|Any CPU
		{F7FCB807-8B0B-4101-B6B3-7F19C5DCF9C2}.Release|Any CPU.ActiveCfg = Release|Any CPU
		{F7FCB807-8B0B-4101-B6B3-7F19C5DCF9C2}.Release|Any CPU.Build.0 = Release|Any CPU
		{F7FCB807-8B0B-4101-B6B3-7F19C5DCF9C2}.Release|x64.ActiveCfg = Release|Any CPU
		{F7FCB807-8B0B-4101-B6B3-7F19C5DCF9C2}.Release|x64.Build.0 = Release|Any CPU
		{F7FCB807-8B0B-4101-B6B3-7F19C5DCF9C2}.Release|x86.ActiveCfg = Release|Any CPU
		{F7FCB807-8B0B-4101-B6B3-7F19C5DCF9C2}.Release|x86.Build.0 = Release|Any CPU
		{101F52C3-DF3A-4D5D-8387-49970117543D}.Debug|Any CPU.ActiveCfg = Debug|Any CPU
		{101F52C3-DF3A-4D5D-8387-49970117543D}.Debug|Any CPU.Build.0 = Debug|Any CPU
		{101F52C3-DF3A-4D5D-8387-49970117543D}.Debug|x64.ActiveCfg = Debug|Any CPU
		{101F52C3-DF3A-4D5D-8387-49970117543D}.Debug|x64.Build.0 = Debug|Any CPU
		{101F52C3-DF3A-4D5D-8387-49970117543D}.Debug|x86.ActiveCfg = Debug|Any CPU
		{101F52C3-DF3A-4D5D-8387-49970117543D}.Debug|x86.Build.0 = Debug|Any CPU
		{101F52C3-DF3A-4D5D-8387-49970117543D}.Release|Any CPU.ActiveCfg = Release|Any CPU
		{101F52C3-DF3A-4D5D-8387-49970117543D}.Release|Any CPU.Build.0 = Release|Any CPU
		{101F52C3-DF3A-4D5D-8387-49970117543D}.Release|x64.ActiveCfg = Release|Any CPU
		{101F52C3-DF3A-4D5D-8387-49970117543D}.Release|x64.Build.0 = Release|Any CPU
		{101F52C3-DF3A-4D5D-8387-49970117543D}.Release|x86.ActiveCfg = Release|Any CPU
		{101F52C3-DF3A-4D5D-8387-49970117543D}.Release|x86.Build.0 = Release|Any CPU
		{2B678528-E2E9-4FA0-B1AC-6F528C1C4BAB}.Debug|Any CPU.ActiveCfg = Debug|Any CPU
		{2B678528-E2E9-4FA0-B1AC-6F528C1C4BAB}.Debug|Any CPU.Build.0 = Debug|Any CPU
		{2B678528-E2E9-4FA0-B1AC-6F528C1C4BAB}.Debug|x64.ActiveCfg = Debug|Any CPU
		{2B678528-E2E9-4FA0-B1AC-6F528C1C4BAB}.Debug|x64.Build.0 = Debug|Any CPU
		{2B678528-E2E9-4FA0-B1AC-6F528C1C4BAB}.Debug|x86.ActiveCfg = Debug|Any CPU
		{2B678528-E2E9-4FA0-B1AC-6F528C1C4BAB}.Debug|x86.Build.0 = Debug|Any CPU
		{2B678528-E2E9-4FA0-B1AC-6F528C1C4BAB}.Release|Any CPU.ActiveCfg = Release|Any CPU
		{2B678528-E2E9-4FA0-B1AC-6F528C1C4BAB}.Release|Any CPU.Build.0 = Release|Any CPU
		{2B678528-E2E9-4FA0-B1AC-6F528C1C4BAB}.Release|x64.ActiveCfg = Release|Any CPU
		{2B678528-E2E9-4FA0-B1AC-6F528C1C4BAB}.Release|x64.Build.0 = Release|Any CPU
		{2B678528-E2E9-4FA0-B1AC-6F528C1C4BAB}.Release|x86.ActiveCfg = Release|Any CPU
		{2B678528-E2E9-4FA0-B1AC-6F528C1C4BAB}.Release|x86.Build.0 = Release|Any CPU
		{C418DF9F-DA88-45FF-A72B-14F15BDF01DA}.Debug|Any CPU.ActiveCfg = Debug|Any CPU
		{C418DF9F-DA88-45FF-A72B-14F15BDF01DA}.Debug|Any CPU.Build.0 = Debug|Any CPU
		{C418DF9F-DA88-45FF-A72B-14F15BDF01DA}.Debug|x64.ActiveCfg = Debug|Any CPU
		{C418DF9F-DA88-45FF-A72B-14F15BDF01DA}.Debug|x64.Build.0 = Debug|Any CPU
		{C418DF9F-DA88-45FF-A72B-14F15BDF01DA}.Debug|x86.ActiveCfg = Debug|Any CPU
		{C418DF9F-DA88-45FF-A72B-14F15BDF01DA}.Debug|x86.Build.0 = Debug|Any CPU
		{C418DF9F-DA88-45FF-A72B-14F15BDF01DA}.Release|Any CPU.ActiveCfg = Release|Any CPU
		{C418DF9F-DA88-45FF-A72B-14F15BDF01DA}.Release|Any CPU.Build.0 = Release|Any CPU
		{C418DF9F-DA88-45FF-A72B-14F15BDF01DA}.Release|x64.ActiveCfg = Release|Any CPU
		{C418DF9F-DA88-45FF-A72B-14F15BDF01DA}.Release|x64.Build.0 = Release|Any CPU
		{C418DF9F-DA88-45FF-A72B-14F15BDF01DA}.Release|x86.ActiveCfg = Release|Any CPU
		{C418DF9F-DA88-45FF-A72B-14F15BDF01DA}.Release|x86.Build.0 = Release|Any CPU
		{F272D10F-D625-499F-9EB9-6E5F72B1C6D3}.Debug|Any CPU.ActiveCfg = Debug|Any CPU
		{F272D10F-D625-499F-9EB9-6E5F72B1C6D3}.Debug|Any CPU.Build.0 = Debug|Any CPU
		{F272D10F-D625-499F-9EB9-6E5F72B1C6D3}.Debug|x64.ActiveCfg = Debug|Any CPU
		{F272D10F-D625-499F-9EB9-6E5F72B1C6D3}.Debug|x64.Build.0 = Debug|Any CPU
		{F272D10F-D625-499F-9EB9-6E5F72B1C6D3}.Debug|x86.ActiveCfg = Debug|Any CPU
		{F272D10F-D625-499F-9EB9-6E5F72B1C6D3}.Debug|x86.Build.0 = Debug|Any CPU
		{F272D10F-D625-499F-9EB9-6E5F72B1C6D3}.Release|Any CPU.ActiveCfg = Release|Any CPU
		{F272D10F-D625-499F-9EB9-6E5F72B1C6D3}.Release|Any CPU.Build.0 = Release|Any CPU
		{F272D10F-D625-499F-9EB9-6E5F72B1C6D3}.Release|x64.ActiveCfg = Release|Any CPU
		{F272D10F-D625-499F-9EB9-6E5F72B1C6D3}.Release|x64.Build.0 = Release|Any CPU
		{F272D10F-D625-499F-9EB9-6E5F72B1C6D3}.Release|x86.ActiveCfg = Release|Any CPU
		{F272D10F-D625-499F-9EB9-6E5F72B1C6D3}.Release|x86.Build.0 = Release|Any CPU
		{4085E66A-9047-4603-93EA-528C7A4D8F16}.Debug|Any CPU.ActiveCfg = Debug|Any CPU
		{4085E66A-9047-4603-93EA-528C7A4D8F16}.Debug|Any CPU.Build.0 = Debug|Any CPU
		{4085E66A-9047-4603-93EA-528C7A4D8F16}.Debug|x64.ActiveCfg = Debug|Any CPU
		{4085E66A-9047-4603-93EA-528C7A4D8F16}.Debug|x64.Build.0 = Debug|Any CPU
		{4085E66A-9047-4603-93EA-528C7A4D8F16}.Debug|x86.ActiveCfg = Debug|Any CPU
		{4085E66A-9047-4603-93EA-528C7A4D8F16}.Debug|x86.Build.0 = Debug|Any CPU
		{4085E66A-9047-4603-93EA-528C7A4D8F16}.Release|Any CPU.ActiveCfg = Release|Any CPU
		{4085E66A-9047-4603-93EA-528C7A4D8F16}.Release|Any CPU.Build.0 = Release|Any CPU
		{4085E66A-9047-4603-93EA-528C7A4D8F16}.Release|x64.ActiveCfg = Release|Any CPU
		{4085E66A-9047-4603-93EA-528C7A4D8F16}.Release|x64.Build.0 = Release|Any CPU
		{4085E66A-9047-4603-93EA-528C7A4D8F16}.Release|x86.ActiveCfg = Release|Any CPU
		{4085E66A-9047-4603-93EA-528C7A4D8F16}.Release|x86.Build.0 = Release|Any CPU
	EndGlobalSection
	GlobalSection(NestedProjects) = preSolution
		{F4C13692-5D5D-4586-ADE9-BF97D09D3755} = {E4C4D81E-3478-446A-8458-938C4C25AE4F}
		{1C48F8A6-8C3B-44BA-82F9-FC3B130131F4} = {E4C4D81E-3478-446A-8458-938C4C25AE4F}
		{CD173A68-E42D-4E57-8C3B-EF787C41B48A} = {E4C4D81E-3478-446A-8458-938C4C25AE4F}
		{F7FCB807-8B0B-4101-B6B3-7F19C5DCF9C2} = {AB377343-143F-47CB-925D-47B9A31399AD}
		{101F52C3-DF3A-4D5D-8387-49970117543D} = {AB377343-143F-47CB-925D-47B9A31399AD}
		{2B678528-E2E9-4FA0-B1AC-6F528C1C4BAB} = {AB377343-143F-47CB-925D-47B9A31399AD}
		{C418DF9F-DA88-45FF-A72B-14F15BDF01DA} = {07D9B596-748A-4C5B-BE17-58F7BEBDE14E}
		{F272D10F-D625-499F-9EB9-6E5F72B1C6D3} = {07D9B596-748A-4C5B-BE17-58F7BEBDE14E}
		{4085E66A-9047-4603-93EA-528C7A4D8F16} = {07D9B596-748A-4C5B-BE17-58F7BEBDE14E}
	EndGlobalSection
EndGlobal
