
Microsoft Visual Studio Solution File, Format Version 12.00
# Visual Studio Version 17
VisualStudioVersion = 17.11.35303.130
MinimumVisualStudioVersion = 10.0.40219.1
Project("{2150E333-8FDC-42A3-9474-1A3956D46DE8}") = "Task0", "Task0", "{E4C4D81E-3478-446A-8458-938C4C25AE4F}"
EndProject
Project("{FAE04EC0-301F-11D3-BF4B-00C04F79EFBC}") = "Tyuiu.CherkashinMM.Sprint4.Task0.V9", "Tyuiu.CherkashinMM.Sprint4.Task0.V9\Tyuiu.CherkashinMM.Sprint4.Task0.V9.csproj", "{F4C13692-5D5D-4586-ADE9-BF97D09D3755}"
EndProject
Project("{FAE04EC0-301F-11D3-BF4B-00C04F79EFBC}") = "Tyuiu.CherkashinMM.Sprint4.Task0.V9.Lib", "Tyuiu.CherkashinMM.Sprint4.Task0.V9.Lib\Tyuiu.CherkashinMM.Sprint4.Task0.V9.Lib.csproj", "{1C48F8A6-8C3B-44BA-82F9-FC3B130131F4}"
EndProject
Project("{FAE04EC0-301F-11D3-BF4B-00C04F79EFBC}") = "Tyuiu.CherkashinMM.Sprint4.Task0.V9.Test", "Tyuiu.CherkashinMM.Sprint4.Task0.V9.Test\Tyuiu.CherkashinMM.Sprint4.Task0.V9.Test.csproj", "{CD173A68-E42D-4E57-8C3B-EF787C41B48A}"
EndProject
Project("{2150E333-8FDC-42A3-9474-1A3956D46DE8}") = "Task1", "Task1", "{AB377343-143F-47CB-925D-47B9A31399AD}"
EndProject
Project("{FAE04EC0-301F-11D3-BF4B-00C04F79EFBC}") = "Tyuiu.CherkashinMM.Sprint4.Task1.V9", "Tyuiu.CherkashinMM.Sprint4.Task1.V9\Tyuiu.CherkashinMM.Sprint4.Task1.V9.csproj", "{F7FCB807-8B0B-4101-B6B3-7F19C5DCF9C2}"
EndProject
Project("{FAE04EC0-301F-11D3-BF4B-00C04F79EFBC}") = "Tyuiu.CherkashinMM.Sprint4.Task1.V9.Lib", "Tyuiu.CherkashinMM.Sprint4.Task1.V9.Lib\Tyuiu.CherkashinMM.Sprint4.Task1.V9.Lib.csproj", "{101F52C3-DF3A-4D5D-8387-49970117543D}"
EndProject
Project("{FAE04EC0-301F-11D3-BF4B-00C04F79EFBC}") = "Tyuiu.CherkashinMM.Sprint4.Task1.V9.Test", "Tyuiu.CherkashinMM.Sprint4.Task1.V9.Test\Tyuiu.CherkashinMM.Sprint4.Task1.V9.Test.csproj", "{2B678528-E2E9-4FA0-B1AC-6F528C1C4BAB}"
EndProject
Project("{2150E333-8FDC-42A3-9474-1A3956D46DE8}") = "Task2", "Task2", "{07D9B596-748A-4C5B-BE17-58F7BEBDE14E}"
EndProject
Project("{FAE04EC0-301F-11D3-BF4B-00C04F79EFBC}") = "Tyuiu.CherkashinMM.Sprint4.Task2.V4", "Tyuiu.CherkashinMM.Sprint4.Task2.V4\Tyuiu.CherkashinMM.Sprint4.Task2.V4.csproj", "{C418DF9F-DA88-45FF-A72B-14F15BDF01DA}"
EndProject
Project("{FAE04EC0-301F-11D3-BF4B-00C04F79EFBC}") = "Tyuiu.CherkashinMM.Sprint4.Task2.V4.Lib", "Tyuiu.CherkashinMM.Sprint4.Task2.V4.Lib\Tyuiu.CherkashinMM.Sprint4.Task2.V4.Lib.csproj", "{F272D10F-D625-499F-9EB9-6E5F72B1C6D3}"
EndProject
Project("{FAE04EC0-301F-11D3-BF4B-00C04F79EFBC}") = "Tyuiu.CherkashinMM.Sprint4.Task2.V4.Test", "Tyuiu.CherkashinMM.Sprint4.Task2.V4.Test\Tyuiu.CherkashinMM.Sprint4.Task2.V4.Test.csproj", "{4085E66A-9047-4603-93EA-528C7A4D8F16}"
EndProject
Project("{2150E333-8FDC-42A3-9474-1A3956D46DE8}") = "Task3", "Task3", "{2683E618-2351-4A41-8FA4-5E5DC327FE06}"
EndProject
Project("{FAE04EC0-301F-11D3-BF4B-00C04F79EFBC}") = "Tyuiu.CherkashinMM.Sprint4.Task3.V14", "Tyuiu.CherkashinMM.Sprint4.Task3.V14\Tyuiu.CherkashinMM.Sprint4.Task3.V14.csproj", "{2D7A6184-E0E1-43D9-8E80-72DBD4C2AD01}"
EndProject
Project("{FAE04EC0-301F-11D3-BF4B-00C04F79EFBC}") = "Tyuiu.CherkashinMM.Sprint4.Task3.V14.Lib", "Tyuiu.CherkashinMM.Sprint4.Task3.V14.Lib\Tyuiu.CherkashinMM.Sprint4.Task3.V14.Lib.csproj", "{519330D1-D19E-4AB8-AEAB-F2913430B687}"
EndProject
Project("{FAE04EC0-301F-11D3-BF4B-00C04F79EFBC}") = "Tyuiu.CherkashinMM.Sprint4.Task3.V14.Test", "Tyuiu.CherkashinMM.Sprint4.Task3.V14.Test\Tyuiu.CherkashinMM.Sprint4.Task3.V14.Test.csproj", "{B38215E2-EB20-40C8-B215-AC31AD9BC333}"
EndProject
Project("{2150E333-8FDC-42A3-9474-1A3956D46DE8}") = "Task4", "Task4", "{B1752CAF-63FA-4EE1-BBDB-EB67DEB4D639}"
EndProject
Project("{FAE04EC0-301F-11D3-BF4B-00C04F79EFBC}") = "Tyuiu.CherkashinMM.Sprint4.Task4.V18", "Tyuiu.CherkashinMM.Sprint4.Task4.V18\Tyuiu.CherkashinMM.Sprint4.Task4.V18.csproj", "{42CC25F9-4816-4508-BEB0-283F2C38933A}"
EndProject
Project("{FAE04EC0-301F-11D3-BF4B-00C04F79EFBC}") = "Tyuiu.CherkashinMM.Sprint4.Task4.V18.Lib", "Tyuiu.CherkashinMM.Sprint4.Task4.V18.Lib\Tyuiu.CherkashinMM.Sprint4.Task4.V18.Lib.csproj", "{239E6991-EBDC-4208-9E61-2063E6415E36}"
EndProject
Project("{FAE04EC0-301F-11D3-BF4B-00C04F79EFBC}") = "Tyuiu.CherkashinMM.Sprint4.Task4.V18.Test", "Tyuiu.CherkashinMM.Sprint4.Task4.V18.Test\Tyuiu.CherkashinMM.Sprint4.Task4.V18.Test.csproj", "{0CF8205C-3674-4CA1-9576-9BE87F0DA142}"
EndProject
Project("{2150E333-8FDC-42A3-9474-1A3956D46DE8}") = "Task5", "Task5", "{CD23F783-0205-4714-ADFF-1FE538A52CFE}"
EndProject
Project("{FAE04EC0-301F-11D3-BF4B-00C04F79EFBC}") = "Tyuiu.CherkashinMM.Sprint4.Task5.V8", "Tyuiu.CherkashinMM.Sprint4.Task5.V8\Tyuiu.CherkashinMM.Sprint4.Task5.V8.csproj", "{CD15D3C2-76DE-4CD2-8A3E-911D66875AE6}"
EndProject
Project("{FAE04EC0-301F-11D3-BF4B-00C04F79EFBC}") = "Tyuiu.CherkashinMM.Sprint4.Task5.V8.Lib", "Tyuiu.CherkashinMM.Sprint4.Task5.V8.Lib\Tyuiu.CherkashinMM.Sprint4.Task5.V8.Lib.csproj", "{3ACC2169-42FC-4DA8-B499-4A54E58B9AB5}"
EndProject
Project("{FAE04EC0-301F-11D3-BF4B-00C04F79EFBC}") = "Tyuiu.CherkashinMM.Sprint4.Task5.V8.Test", "Tyuiu.CherkashinMM.Sprint4.Task5.V8.Test\Tyuiu.CherkashinMM.Sprint4.Task5.V8.Test.csproj", "{B71C2C43-C12B-4E91-9432-8593B059F374}"
EndProject
Project("{2150E333-8FDC-42A3-9474-1A3956D46DE8}") = "Task6", "Task6", "{158440F4-85D9-4A15-8F42-836B2576C6F1}"
EndProject
Project("{FAE04EC0-301F-11D3-BF4B-00C04F79EFBC}") = "Tyuiu.CherkashinMM.Sprint4.Task6.V26", "Tyuiu.CherkashinMM.Sprint4.Task6.V26\Tyuiu.CherkashinMM.Sprint4.Task6.V26.csproj", "{3AE26A7F-F441-4695-B141-063180A005BE}"
EndProject
Project("{FAE04EC0-301F-11D3-BF4B-00C04F79EFBC}") = "Tyuiu.CherkashinMM.Sprint4.Task6.V26.Lib", "Tyuiu.CherkashinMM.Sprint4.Task6.V26.Lib\Tyuiu.CherkashinMM.Sprint4.Task6.V26.Lib.csproj", "{8B302224-4DB3-42BD-9894-151D0A001C27}"
EndProject
Project("{FAE04EC0-301F-11D3-BF4B-00C04F79EFBC}") = "Tyuiu.CherkashinMM.Sprint4.Task6.V26.Test", "Tyuiu.CherkashinMM.Sprint4.Task6.V26.Test\Tyuiu.CherkashinMM.Sprint4.Task6.V26.Test.csproj", "{A1010898-2DF4-4B17-B829-7CE9574545F8}"
EndProject
Project("{2150E333-8FDC-42A3-9474-1A3956D46DE8}") = "Task7", "Task7", "{7E93A883-A7F7-4A37-A79C-530FF4B16ADC}"
EndProject
Project("{FAE04EC0-301F-11D3-BF4B-00C04F79EFBC}") = "Tyuiu.CherkashinMM.Sprint4.Task7.V25", "Tyuiu.CherkashinMM.Sprint4.Task7.V25\Tyuiu.CherkashinMM.Sprint4.Task7.V25.csproj", "{381B5B80-6544-4A51-A983-8735B3C7DC59}"
EndProject
Project("{FAE04EC0-301F-11D3-BF4B-00C04F79EFBC}") = "Tyuiu.CherkashinMM.Sprint4.Task7.V25.Lib", "Tyuiu.CherkashinMM.Sprint4.Task7.V25.Lib\Tyuiu.CherkashinMM.Sprint4.Task7.V25.Lib.csproj", "{479556B3-F6A3-49D7-9196-B5B8A55FAA8C}"
EndProject
Project("{FAE04EC0-301F-11D3-BF4B-00C04F79EFBC}") = "Tyuiu.CherkashinMM.Sprint4.Task7.V25.Test", "Tyuiu.CherkashinMM.Sprint4.Task7.V25.Test\Tyuiu.CherkashinMM.Sprint4.Task7.V25.Test.csproj", "{4064063B-FA37-46EA-BB50-770DE2FCBB83}"
EndProject
Global
	GlobalSection(SolutionProperties) = preSolution
		HideSolutionNode = FALSE
	EndGlobalSection
	GlobalSection(ExtensibilityGlobals) = postSolution
		SolutionGuid = {2A8127A1-BB9B-46EC-A422-BE312CEBF238}
	EndGlobalSection
	GlobalSection(SolutionConfigurationPlatforms) = preSolution
		Debug|Any CPU = Debug|Any CPU
		Debug|x64 = Debug|x64
		Debug|x86 = Debug|x86
		Release|Any CPU = Release|Any CPU
		Release|x64 = Release|x64
		Release|x86 = Release|x86
	EndGlobalSection
	GlobalSection(ProjectConfigurationPlatforms) = postSolution
		{F4C13692-5D5D-4586-ADE9-BF97D09D3755}.Debug|Any CPU.ActiveCfg = Debug|Any CPU
		{F4C13692-5D5D-4586-ADE9-BF97D09D3755}.Debug|Any CPU.Build.0 = Debug|Any CPU
		{F4C13692-5D5D-4586-ADE9-BF97D09D3755}.Debug|x64.ActiveCfg = Debug|Any CPU
		{F4C13692-5D5D-4586-ADE9-BF97D09D3755}.Debug|x64.Build.0 = Debug|Any CPU
		{F4C13692-5D5D-4586-ADE9-BF97D09D3755}.Debug|x86.ActiveCfg = Debug|Any CPU
		{F4C13692-5D5D-4586-ADE9-BF97D09D3755}.Debug|x86.Build.0 = Debug|Any CPU
		{F4C13692-5D5D-4586-ADE9-BF97D09D3755}.Release|Any CPU.ActiveCfg = Release|Any CPU
		{F4C13692-5D5D-4586-ADE9-BF97D09D3755}.Release|Any CPU.Build.0 = Release|Any CPU
		{F4C13692-5D5D-4586-ADE9-BF97D09D3755}.Release|x64.ActiveCfg = Release|Any CPU
		{F4C13692-5D5D-4586-ADE9-BF97D09D3755}.Release|x64.Build.0 = Release|Any CPU
		{F4C13692-5D5D-4586-ADE9-BF97D09D3755}.Release|x86.ActiveCfg = Release|Any CPU
		{F4C13692-5D5D-4586-ADE9-BF97D09D3755}.Release|x86.Build.0 = Release|Any CPU
		{1C48F8A6-8C3B-44BA-82F9-FC3B130131F4}.Debug|Any CPU.ActiveCfg = Debug|Any CPU
		{1C48F8A6-8C3B-44BA-82F9-FC3B130131F4}.Debug|Any CPU.Build.0 = Debug|Any CPU
		{1C48F8A6-8C3B-44BA-82F9-FC3B130131F4}.Debug|x64.ActiveCfg = Debug|Any CPU
		{1C48F8A6-8C3B-44BA-82F9-FC3B130131F4}.Debug|x64.Build.0 = Debug|Any CPU
		{1C48F8A6-8C3B-44BA-82F9-FC3B130131F4}.Debug|x86.ActiveCfg = Debug|Any CPU
		{1C48F8A6-8C3B-44BA-82F9-FC3B130131F4}.Debug|x86.Build.0 = Debug|Any CPU
		{1C48F8A6-8C3B-44BA-82F9-FC3B130131F4}.Release|Any CPU.ActiveCfg = Release|Any CPU
		{1C48F8A6-8C3B-44BA-82F9-FC3B130131F4}.Release|Any CPU.Build.0 = Release|Any CPU
		{1C48F8A6-8C3B-44BA-82F9-FC3B130131F4}.Release|x64.ActiveCfg = Release|Any CPU
		{1C48F8A6-8C3B-44BA-82F9-FC3B130131F4}.Release|x64.Build.0 = Release|Any CPU
		{1C48F8A6-8C3B-44BA-82F9-FC3B130131F4}.Release|x86.ActiveCfg = Release|Any CPU
		{1C48F8A6-8C3B-44BA-82F9-FC3B130131F4}.Release|x86.Build.0 = Release|Any CPU
		{CD173A68-E42D-4E57-8C3B-EF787C41B48A}.Debug|Any CPU.ActiveCfg = Debug|Any CPU
		{CD173A68-E42D-4E57-8C3B-EF787C41B48A}.Debug|Any CPU.Build.0 = Debug|Any CPU
		{CD173A68-E42D-4E57-8C3B-EF787C41B48A}.Debug|x64.ActiveCfg = Debug|Any CPU
		{CD173A68-E42D-4E57-8C3B-EF787C41B48A}.Debug|x64.Build.0 = Debug|Any CPU
		{CD173A68-E42D-4E57-8C3B-EF787C41B48A}.Debug|x86.ActiveCfg = Debug|Any CPU
		{CD173A68-E42D-4E57-8C3B-EF787C41B48A}.Debug|x86.Build.0 = Debug|Any CPU
		{CD173A68-E42D-4E57-8C3B-EF787C41B48A}.Release|Any CPU.ActiveCfg = Release|Any CPU
		{CD173A68-E42D-4E57-8C3B-EF787C41B48A}.Release|Any CPU.Build.0 = Release|Any CPU
		{CD173A68-E42D-4E57-8C3B-EF787C41B48A}.Release|x64.ActiveCfg = Release|Any CPU
		{CD173A68-E42D-4E57-8C3B-EF787C41B48A}.Release|x64.Build.0 = Release|Any CPU
		{CD173A68-E42D-4E57-8C3B-EF787C41B48A}.Release|x86.ActiveCfg = Release|Any CPU
		{CD173A68-E42D-4E57-8C3B-EF787C41B48A}.Release|x86.Build.0 = Release|Any CPU
		{F7FCB807-8B0B-4101-B6B3-7F19C5DCF9C2}.Debug|Any CPU.ActiveCfg = Debug|Any CPU
		{F7FCB807-8B0B-4101-B6B3-7F19C5DCF9C2}.Debug|Any CPU.Build.0 = Debug|Any CPU
		{F7FCB807-8B0B-4101-B6B3-7F19C5DCF9C2}.Debug|x64.ActiveCfg = Debug|Any CPU
		{F7FCB807-8B0B-4101-B6B3-7F19C5DCF9C2}.Debug|x64.Build.0 = Debug|Any CPU
		{F7FCB807-8B0B-4101-B6B3-7F19C5DCF9C2}.Debug|x86.ActiveCfg = Debug|Any CPU
		{F7FCB807-8B0B-4101-B6B3-7F19C5DCF9C2}.Debug|x86.Build.0 = Debug|Any CPU
		{F7FCB807-8B0B-4101-B6B3-7F19C5DCF9C2}.Release|Any CPU.ActiveCfg = Release|Any CPU
		{F7FCB807-8B0B-4101-B6B3-7F19C5DCF9C2}.Release|Any CPU.Build.0 = Release|Any CPU
		{F7FCB807-8B0B-4101-B6B3-7F19C5DCF9C2}.Release|x64.ActiveCfg = Release|Any CPU
		{F7FCB807-8B0B-4101-B6B3-7F19C5DCF9C2}.Release|x64.Build.0 = Release|Any CPU
		{F7FCB807-8B0B-4101-B6B3-7F19C5DCF9C2}.Release|x86.ActiveCfg = Release|Any CPU
		{F7FCB807-8B0B-4101-B6B3-7F19C5DCF9C2}.Release|x86.Build.0 = Release|Any CPU
		{101F52C3-DF3A-4D5D-8387-49970117543D}.Debug|Any CPU.ActiveCfg = Debug|Any CPU
		{101F52C3-DF3A-4D5D-8387-49970117543D}.Debug|Any CPU.Build.0 = Debug|Any CPU
		{101F52C3-DF3A-4D5D-8387-49970117543D}.Debug|x64.ActiveCfg = Debug|Any CPU
		{101F52C3-DF3A-4D5D-8387-49970117543D}.Debug|x64.Build.0 = Debug|Any CPU
		{101F52C3-DF3A-4D5D-8387-49970117543D}.Debug|x86.ActiveCfg = Debug|Any CPU
		{101F52C3-DF3A-4D5D-8387-49970117543D}.Debug|x86.Build.0 = Debug|Any CPU
		{101F52C3-DF3A-4D5D-8387-49970117543D}.Release|Any CPU.ActiveCfg = Release|Any CPU
		{101F52C3-DF3A-4D5D-8387-49970117543D}.Release|Any CPU.Build.0 = Release|Any CPU
		{101F52C3-DF3A-4D5D-8387-49970117543D}.Release|x64.ActiveCfg = Release|Any CPU
		{101F52C3-DF3A-4D5D-8387-49970117543D}.Release|x64.Build.0 = Release|Any CPU
		{101F52C3-DF3A-4D5D-8387-49970117543D}.Release|x86.ActiveCfg = Release|Any CPU
		{101F52C3-DF3A-4D5D-8387-49970117543D}.Release|x86.Build.0 = Release|Any CPU
		{2B678528-E2E9-4FA0-B1AC-6F528C1C4BAB}.Debug|Any CPU.ActiveCfg = Debug|Any CPU
		{2B678528-E2E9-4FA0-B1AC-6F528C1C4BAB}.Debug|Any CPU.Build.0 = Debug|Any CPU
		{2B678528-E2E9-4FA0-B1AC-6F528C1C4BAB}.Debug|x64.ActiveCfg = Debug|Any CPU
		{2B678528-E2E9-4FA0-B1AC-6F528C1C4BAB}.Debug|x64.Build.0 = Debug|Any CPU
		{2B678528-E2E9-4FA0-B1AC-6F528C1C4BAB}.Debug|x86.ActiveCfg = Debug|Any CPU
		{2B678528-E2E9-4FA0-B1AC-6F528C1C4BAB}.Debug|x86.Build.0 = Debug|Any CPU
		{2B678528-E2E9-4FA0-B1AC-6F528C1C4BAB}.Release|Any CPU.ActiveCfg = Release|Any CPU
		{2B678528-E2E9-4FA0-B1AC-6F528C1C4BAB}.Release|Any CPU.Build.0 = Release|Any CPU
		{2B678528-E2E9-4FA0-B1AC-6F528C1C4BAB}.Release|x64.ActiveCfg = Release|Any CPU
		{2B678528-E2E9-4FA0-B1AC-6F528C1C4BAB}.Release|x64.Build.0 = Release|Any CPU
		{2B678528-E2E9-4FA0-B1AC-6F528C1C4BAB}.Release|x86.ActiveCfg = Release|Any CPU
		{2B678528-E2E9-4FA0-B1AC-6F528C1C4BAB}.Release|x86.Build.0 = Release|Any CPU
		{C418DF9F-DA88-45FF-A72B-14F15BDF01DA}.Debug|Any CPU.ActiveCfg = Debug|Any CPU
		{C418DF9F-DA88-45FF-A72B-14F15BDF01DA}.Debug|Any CPU.Build.0 = Debug|Any CPU
		{C418DF9F-DA88-45FF-A72B-14F15BDF01DA}.Debug|x64.ActiveCfg = Debug|Any CPU
		{C418DF9F-DA88-45FF-A72B-14F15BDF01DA}.Debug|x64.Build.0 = Debug|Any CPU
		{C418DF9F-DA88-45FF-A72B-14F15BDF01DA}.Debug|x86.ActiveCfg = Debug|Any CPU
		{C418DF9F-DA88-45FF-A72B-14F15BDF01DA}.Debug|x86.Build.0 = Debug|Any CPU
		{C418DF9F-DA88-45FF-A72B-14F15BDF01DA}.Release|Any CPU.ActiveCfg = Release|Any CPU
		{C418DF9F-DA88-45FF-A72B-14F15BDF01DA}.Release|Any CPU.Build.0 = Release|Any CPU
		{C418DF9F-DA88-45FF-A72B-14F15BDF01DA}.Release|x64.ActiveCfg = Release|Any CPU
		{C418DF9F-DA88-45FF-A72B-14F15BDF01DA}.Release|x64.Build.0 = Release|Any CPU
		{C418DF9F-DA88-45FF-A72B-14F15BDF01DA}.Release|x86.ActiveCfg = Release|Any CPU
		{C418DF9F-DA88-45FF-A72B-14F15BDF01DA}.Release|x86.Build.0 = Release|Any CPU
		{F272D10F-D625-499F-9EB9-6E5F72B1C6D3}.Debug|Any CPU.ActiveCfg = Debug|Any CPU
		{F272D10F-D625-499F-9EB9-6E5F72B1C6D3}.Debug|Any CPU.Build.0 = Debug|Any CPU
		{F272D10F-D625-499F-9EB9-6E5F72B1C6D3}.Debug|x64.ActiveCfg = Debug|Any CPU
		{F272D10F-D625-499F-9EB9-6E5F72B1C6D3}.Debug|x64.Build.0 = Debug|Any CPU
		{F272D10F-D625-499F-9EB9-6E5F72B1C6D3}.Debug|x86.ActiveCfg = Debug|Any CPU
		{F272D10F-D625-499F-9EB9-6E5F72B1C6D3}.Debug|x86.Build.0 = Debug|Any CPU
		{F272D10F-D625-499F-9EB9-6E5F72B1C6D3}.Release|Any CPU.ActiveCfg = Release|Any CPU
		{F272D10F-D625-499F-9EB9-6E5F72B1C6D3}.Release|Any CPU.Build.0 = Release|Any CPU
		{F272D10F-D625-499F-9EB9-6E5F72B1C6D3}.Release|x64.ActiveCfg = Release|Any CPU
		{F272D10F-D625-499F-9EB9-6E5F72B1C6D3}.Release|x64.Build.0 = Release|Any CPU
		{F272D10F-D625-499F-9EB9-6E5F72B1C6D3}.Release|x86.ActiveCfg = Release|Any CPU
		{F272D10F-D625-499F-9EB9-6E5F72B1C6D3}.Release|x86.Build.0 = Release|Any CPU
		{4085E66A-9047-4603-93EA-528C7A4D8F16}.Debug|Any CPU.ActiveCfg = Debug|Any CPU
		{4085E66A-9047-4603-93EA-528C7A4D8F16}.Debug|Any CPU.Build.0 = Debug|Any CPU
		{4085E66A-9047-4603-93EA-528C7A4D8F16}.Debug|x64.ActiveCfg = Debug|Any CPU
		{4085E66A-9047-4603-93EA-528C7A4D8F16}.Debug|x64.Build.0 = Debug|Any CPU
		{4085E66A-9047-4603-93EA-528C7A4D8F16}.Debug|x86.ActiveCfg = Debug|Any CPU
		{4085E66A-9047-4603-93EA-528C7A4D8F16}.Debug|x86.Build.0 = Debug|Any CPU
		{4085E66A-9047-4603-93EA-528C7A4D8F16}.Release|Any CPU.ActiveCfg = Release|Any CPU
		{4085E66A-9047-4603-93EA-528C7A4D8F16}.Release|Any CPU.Build.0 = Release|Any CPU
		{4085E66A-9047-4603-93EA-528C7A4D8F16}.Release|x64.ActiveCfg = Release|Any CPU
		{4085E66A-9047-4603-93EA-528C7A4D8F16}.Release|x64.Build.0 = Release|Any CPU
		{4085E66A-9047-4603-93EA-528C7A4D8F16}.Release|x86.ActiveCfg = Release|Any CPU
		{4085E66A-9047-4603-93EA-528C7A4D8F16}.Release|x86.Build.0 = Release|Any CPU
		{2D7A6184-E0E1-43D9-8E80-72DBD4C2AD01}.Debug|Any CPU.ActiveCfg = Debug|Any CPU
		{2D7A6184-E0E1-43D9-8E80-72DBD4C2AD01}.Debug|Any CPU.Build.0 = Debug|Any CPU
		{2D7A6184-E0E1-43D9-8E80-72DBD4C2AD01}.Debug|x64.ActiveCfg = Debug|Any CPU
		{2D7A6184-E0E1-43D9-8E80-72DBD4C2AD01}.Debug|x64.Build.0 = Debug|Any CPU
		{2D7A6184-E0E1-43D9-8E80-72DBD4C2AD01}.Debug|x86.ActiveCfg = Debug|Any CPU
		{2D7A6184-E0E1-43D9-8E80-72DBD4C2AD01}.Debug|x86.Build.0 = Debug|Any CPU
		{2D7A6184-E0E1-43D9-8E80-72DBD4C2AD01}.Release|Any CPU.ActiveCfg = Release|Any CPU
		{2D7A6184-E0E1-43D9-8E80-72DBD4C2AD01}.Release|Any CPU.Build.0 = Release|Any CPU
		{2D7A6184-E0E1-43D9-8E80-72DBD4C2AD01}.Release|x64.ActiveCfg = Release|Any CPU
		{2D7A6184-E0E1-43D9-8E80-72DBD4C2AD01}.Release|x64.Build.0 = Release|Any CPU
		{2D7A6184-E0E1-43D9-8E80-72DBD4C2AD01}.Release|x86.ActiveCfg = Release|Any CPU
		{2D7A6184-E0E1-43D9-8E80-72DBD4C2AD01}.Release|x86.Build.0 = Release|Any CPU
		{519330D1-D19E-4AB8-AEAB-F2913430B687}.Debug|Any CPU.ActiveCfg = Debug|Any CPU
		{519330D1-D19E-4AB8-AEAB-F2913430B687}.Debug|Any CPU.Build.0 = Debug|Any CPU
		{519330D1-D19E-4AB8-AEAB-F2913430B687}.Debug|x64.ActiveCfg = Debug|Any CPU
		{519330D1-D19E-4AB8-AEAB-F2913430B687}.Debug|x64.Build.0 = Debug|Any CPU
		{519330D1-D19E-4AB8-AEAB-F2913430B687}.Debug|x86.ActiveCfg = Debug|Any CPU
		{519330D1-D19E-4AB8-AEAB-F2913430B687}.Debug|x86.Build.0 = Debug|Any CPU
		{519330D1-D19E-4AB8-AEAB-F2913430B687}.Release|Any CPU.ActiveCfg = Release|Any CPU
		{519330D1-D19E-4AB8-AEAB-F2913430B687}.Release|Any CPU.Build.0 = Release|Any CPU
		{519330D1-D19E-4AB8-AEAB-F2913430B687}.Release|x64.ActiveCfg = Release|Any CPU
		{519330D1-D19E-4AB8-AEAB-F2913430B687}.Release|x64.Build.0 = Release|Any CPU
		{519330D1-D19E-4AB8-AEAB-F2913430B687}.Release|x86.ActiveCfg = Release|Any CPU
		{519330D1-D19E-4AB8-AEAB-F2913430B687}.Release|x86.Build.0 = Release|Any CPU
		{B38215E2-EB20-40C8-B215-AC31AD9BC333}.Debug|Any CPU.ActiveCfg = Debug|Any CPU
		{B38215E2-EB20-40C8-B215-AC31AD9BC333}.Debug|Any CPU.Build.0 = Debug|Any CPU
		{B38215E2-EB20-40C8-B215-AC31AD9BC333}.Debug|x64.ActiveCfg = Debug|Any CPU
		{B38215E2-EB20-40C8-B215-AC31AD9BC333}.Debug|x64.Build.0 = Debug|Any CPU
		{B38215E2-EB20-40C8-B215-AC31AD9BC333}.Debug|x86.ActiveCfg = Debug|Any CPU
		{B38215E2-EB20-40C8-B215-AC31AD9BC333}.Debug|x86.Build.0 = Debug|Any CPU
		{B38215E2-EB20-40C8-B215-AC31AD9BC333}.Release|Any CPU.ActiveCfg = Release|Any CPU
		{B38215E2-EB20-40C8-B215-AC31AD9BC333}.Release|Any CPU.Build.0 = Release|Any CPU
		{B38215E2-EB20-40C8-B215-AC31AD9BC333}.Release|x64.ActiveCfg = Release|Any CPU
		{B38215E2-EB20-40C8-B215-AC31AD9BC333}.Release|x64.Build.0 = Release|Any CPU
		{B38215E2-EB20-40C8-B215-AC31AD9BC333}.Release|x86.ActiveCfg = Release|Any CPU
		{B38215E2-EB20-40C8-B215-AC31AD9BC333}.Release|x86.Build.0 = Release|Any CPU
		{42CC25F9-4816-4508-BEB0-283F2C38933A}.Debug|Any CPU.ActiveCfg = Debug|Any CPU
		{42CC25F9-4816-4508-BEB0-283F2C38933A}.Debug|Any CPU.Build.0 = Debug|Any CPU
		{42CC25F9-4816-4508-BEB0-283F2C38933A}.Debug|x64.ActiveCfg = Debug|Any CPU
		{42CC25F9-4816-4508-BEB0-283F2C38933A}.Debug|x64.Build.0 = Debug|Any CPU
		{42CC25F9-4816-4508-BEB0-283F2C38933A}.Debug|x86.ActiveCfg = Debug|Any CPU
		{42CC25F9-4816-4508-BEB0-283F2C38933A}.Debug|x86.Build.0 = Debug|Any CPU
		{42CC25F9-4816-4508-BEB0-283F2C38933A}.Release|Any CPU.ActiveCfg = Release|Any CPU
		{42CC25F9-4816-4508-BEB0-283F2C38933A}.Release|Any CPU.Build.0 = Release|Any CPU
		{42CC25F9-4816-4508-BEB0-283F2C38933A}.Release|x64.ActiveCfg = Release|Any CPU
		{42CC25F9-4816-4508-BEB0-283F2C38933A}.Release|x64.Build.0 = Release|Any CPU
		{42CC25F9-4816-4508-BEB0-283F2C38933A}.Release|x86.ActiveCfg = Release|Any CPU
		{42CC25F9-4816-4508-BEB0-283F2C38933A}.Release|x86.Build.0 = Release|Any CPU
		{239E6991-EBDC-4208-9E61-2063E6415E36}.Debug|Any CPU.ActiveCfg = Debug|Any CPU
		{239E6991-EBDC-4208-9E61-2063E6415E36}.Debug|Any CPU.Build.0 = Debug|Any CPU
		{239E6991-EBDC-4208-9E61-2063E6415E36}.Debug|x64.ActiveCfg = Debug|Any CPU
		{239E6991-EBDC-4208-9E61-2063E6415E36}.Debug|x64.Build.0 = Debug|Any CPU
		{239E6991-EBDC-4208-9E61-2063E6415E36}.Debug|x86.ActiveCfg = Debug|Any CPU
		{239E6991-EBDC-4208-9E61-2063E6415E36}.Debug|x86.Build.0 = Debug|Any CPU
		{239E6991-EBDC-4208-9E61-2063E6415E36}.Release|Any CPU.ActiveCfg = Release|Any CPU
		{239E6991-EBDC-4208-9E61-2063E6415E36}.Release|Any CPU.Build.0 = Release|Any CPU
		{239E6991-EBDC-4208-9E61-2063E6415E36}.Release|x64.ActiveCfg = Release|Any CPU
		{239E6991-EBDC-4208-9E61-2063E6415E36}.Release|x64.Build.0 = Release|Any CPU
		{239E6991-EBDC-4208-9E61-2063E6415E36}.Release|x86.ActiveCfg = Release|Any CPU
		{239E6991-EBDC-4208-9E61-2063E6415E36}.Release|x86.Build.0 = Release|Any CPU
		{0CF8205C-3674-4CA1-9576-9BE87F0DA142}.Debug|Any CPU.ActiveCfg = Debug|Any CPU
		{0CF8205C-3674-4CA1-9576-9BE87F0DA142}.Debug|Any CPU.Build.0 = Debug|Any CPU
		{0CF8205C-3674-4CA1-9576-9BE87F0DA142}.Debug|x64.ActiveCfg = Debug|Any CPU
		{0CF8205C-3674-4CA1-9576-9BE87F0DA142}.Debug|x64.Build.0 = Debug|Any CPU
		{0CF8205C-3674-4CA1-9576-9BE87F0DA142}.Debug|x86.ActiveCfg = Debug|Any CPU
		{0CF8205C-3674-4CA1-9576-9BE87F0DA142}.Debug|x86.Build.0 = Debug|Any CPU
		{0CF8205C-3674-4CA1-9576-9BE87F0DA142}.Release|Any CPU.ActiveCfg = Release|Any CPU
		{0CF8205C-3674-4CA1-9576-9BE87F0DA142}.Release|Any CPU.Build.0 = Release|Any CPU
		{0CF8205C-3674-4CA1-9576-9BE87F0DA142}.Release|x64.ActiveCfg = Release|Any CPU
		{0CF8205C-3674-4CA1-9576-9BE87F0DA142}.Release|x64.Build.0 = Release|Any CPU
		{0CF8205C-3674-4CA1-9576-9BE87F0DA142}.Release|x86.ActiveCfg = Release|Any CPU
		{0CF8205C-3674-4CA1-9576-9BE87F0DA142}.Release|x86.Build.0 = Release|Any CPU
		{CD15D3C2-76DE-4CD2-8A3E-911D66875AE6}.Debug|Any CPU.ActiveCfg = Debug|Any CPU
		{CD15D3C2-76DE-4CD2-8A3E-911D66875AE6}.Debug|Any CPU.Build.0 = Debug|Any CPU
		{CD15D3C2-76DE-4CD2-8A3E-911D66875AE6}.Debug|x64.ActiveCfg = Debug|Any CPU
		{CD15D3C2-76DE-4CD2-8A3E-911D66875AE6}.Debug|x64.Build.0 = Debug|Any CPU
		{CD15D3C2-76DE-4CD2-8A3E-911D66875AE6}.Debug|x86.ActiveCfg = Debug|Any CPU
		{CD15D3C2-76DE-4CD2-8A3E-911D66875AE6}.Debug|x86.Build.0 = Debug|Any CPU
		{CD15D3C2-76DE-4CD2-8A3E-911D66875AE6}.Release|Any CPU.ActiveCfg = Release|Any CPU
		{CD15D3C2-76DE-4CD2-8A3E-911D66875AE6}.Release|Any CPU.Build.0 = Release|Any CPU
		{CD15D3C2-76DE-4CD2-8A3E-911D66875AE6}.Release|x64.ActiveCfg = Release|Any CPU
		{CD15D3C2-76DE-4CD2-8A3E-911D66875AE6}.Release|x64.Build.0 = Release|Any CPU
		{CD15D3C2-76DE-4CD2-8A3E-911D66875AE6}.Release|x86.ActiveCfg = Release|Any CPU
		{CD15D3C2-76DE-4CD2-8A3E-911D66875AE6}.Release|x86.Build.0 = Release|Any CPU
		{3ACC2169-42FC-4DA8-B499-4A54E58B9AB5}.Debug|Any CPU.ActiveCfg = Debug|Any CPU
		{3ACC2169-42FC-4DA8-B499-4A54E58B9AB5}.Debug|Any CPU.Build.0 = Debug|Any CPU
		{3ACC2169-42FC-4DA8-B499-4A54E58B9AB5}.Debug|x64.ActiveCfg = Debug|Any CPU
		{3ACC2169-42FC-4DA8-B499-4A54E58B9AB5}.Debug|x64.Build.0 = Debug|Any CPU
		{3ACC2169-42FC-4DA8-B499-4A54E58B9AB5}.Debug|x86.ActiveCfg = Debug|Any CPU
		{3ACC2169-42FC-4DA8-B499-4A54E58B9AB5}.Debug|x86.Build.0 = Debug|Any CPU
		{3ACC2169-42FC-4DA8-B499-4A54E58B9AB5}.Release|Any CPU.ActiveCfg = Release|Any CPU
		{3ACC2169-42FC-4DA8-B499-4A54E58B9AB5}.Release|Any CPU.Build.0 = Release|Any CPU
		{3ACC2169-42FC-4DA8-B499-4A54E58B9AB5}.Release|x64.ActiveCfg = Release|Any CPU
		{3ACC2169-42FC-4DA8-B499-4A54E58B9AB5}.Release|x64.Build.0 = Release|Any CPU
		{3ACC2169-42FC-4DA8-B499-4A54E58B9AB5}.Release|x86.ActiveCfg = Release|Any CPU
		{3ACC2169-42FC-4DA8-B499-4A54E58B9AB5}.Release|x86.Build.0 = Release|Any CPU
		{B71C2C43-C12B-4E91-9432-8593B059F374}.Debug|Any CPU.ActiveCfg = Debug|Any CPU
		{B71C2C43-C12B-4E91-9432-8593B059F374}.Debug|Any CPU.Build.0 = Debug|Any CPU
		{B71C2C43-C12B-4E91-9432-8593B059F374}.Debug|x64.ActiveCfg = Debug|Any CPU
		{B71C2C43-C12B-4E91-9432-8593B059F374}.Debug|x64.Build.0 = Debug|Any CPU
		{B71C2C43-C12B-4E91-9432-8593B059F374}.Debug|x86.ActiveCfg = Debug|Any CPU
		{B71C2C43-C12B-4E91-9432-8593B059F374}.Debug|x86.Build.0 = Debug|Any CPU
		{B71C2C43-C12B-4E91-9432-8593B059F374}.Release|Any CPU.ActiveCfg = Release|Any CPU
		{B71C2C43-C12B-4E91-9432-8593B059F374}.Release|Any CPU.Build.0 = Release|Any CPU
		{B71C2C43-C12B-4E91-9432-8593B059F374}.Release|x64.ActiveCfg = Release|Any CPU
		{B71C2C43-C12B-4E91-9432-8593B059F374}.Release|x64.Build.0 = Release|Any CPU
		{B71C2C43-C12B-4E91-9432-8593B059F374}.Release|x86.ActiveCfg = Release|Any CPU
		{B71C2C43-C12B-4E91-9432-8593B059F374}.Release|x86.Build.0 = Release|Any CPU
		{3AE26A7F-F441-4695-B141-063180A005BE}.Debug|Any CPU.ActiveCfg = Debug|Any CPU
		{3AE26A7F-F441-4695-B141-063180A005BE}.Debug|Any CPU.Build.0 = Debug|Any CPU
		{3AE26A7F-F441-4695-B141-063180A005BE}.Debug|x64.ActiveCfg = Debug|Any CPU
		{3AE26A7F-F441-4695-B141-063180A005BE}.Debug|x64.Build.0 = Debug|Any CPU
		{3AE26A7F-F441-4695-B141-063180A005BE}.Debug|x86.ActiveCfg = Debug|Any CPU
		{3AE26A7F-F441-4695-B141-063180A005BE}.Debug|x86.Build.0 = Debug|Any CPU
		{3AE26A7F-F441-4695-B141-063180A005BE}.Release|Any CPU.ActiveCfg = Release|Any CPU
		{3AE26A7F-F441-4695-B141-063180A005BE}.Release|Any CPU.Build.0 = Release|Any CPU
		{3AE26A7F-F441-4695-B141-063180A005BE}.Release|x64.ActiveCfg = Release|Any CPU
		{3AE26A7F-F441-4695-B141-063180A005BE}.Release|x64.Build.0 = Release|Any CPU
		{3AE26A7F-F441-4695-B141-063180A005BE}.Release|x86.ActiveCfg = Release|Any CPU
		{3AE26A7F-F441-4695-B141-063180A005BE}.Release|x86.Build.0 = Release|Any CPU
		{8B302224-4DB3-42BD-9894-151D0A001C27}.Debug|Any CPU.ActiveCfg = Debug|Any CPU
		{8B302224-4DB3-42BD-9894-151D0A001C27}.Debug|Any CPU.Build.0 = Debug|Any CPU
		{8B302224-4DB3-42BD-9894-151D0A001C27}.Debug|x64.ActiveCfg = Debug|Any CPU
		{8B302224-4DB3-42BD-9894-151D0A001C27}.Debug|x64.Build.0 = Debug|Any CPU
		{8B302224-4DB3-42BD-9894-151D0A001C27}.Debug|x86.ActiveCfg = Debug|Any CPU
		{8B302224-4DB3-42BD-9894-151D0A001C27}.Debug|x86.Build.0 = Debug|Any CPU
		{8B302224-4DB3-42BD-9894-151D0A001C27}.Release|Any CPU.ActiveCfg = Release|Any CPU
		{8B302224-4DB3-42BD-9894-151D0A001C27}.Release|Any CPU.Build.0 = Release|Any CPU
		{8B302224-4DB3-42BD-9894-151D0A001C27}.Release|x64.ActiveCfg = Release|Any CPU
		{8B302224-4DB3-42BD-9894-151D0A001C27}.Release|x64.Build.0 = Release|Any CPU
		{8B302224-4DB3-42BD-9894-151D0A001C27}.Release|x86.ActiveCfg = Release|Any CPU
		{8B302224-4DB3-42BD-9894-151D0A001C27}.Release|x86.Build.0 = Release|Any CPU
		{A1010898-2DF4-4B17-B829-7CE9574545F8}.Debug|Any CPU.ActiveCfg = Debug|Any CPU
		{A1010898-2DF4-4B17-B829-7CE9574545F8}.Debug|Any CPU.Build.0 = Debug|Any CPU
		{A1010898-2DF4-4B17-B829-7CE9574545F8}.Debug|x64.ActiveCfg = Debug|Any CPU
		{A1010898-2DF4-4B17-B829-7CE9574545F8}.Debug|x64.Build.0 = Debug|Any CPU
		{A1010898-2DF4-4B17-B829-7CE9574545F8}.Debug|x86.ActiveCfg = Debug|Any CPU
		{A1010898-2DF4-4B17-B829-7CE9574545F8}.Debug|x86.Build.0 = Debug|Any CPU
		{A1010898-2DF4-4B17-B829-7CE9574545F8}.Release|Any CPU.ActiveCfg = Release|Any CPU
		{A1010898-2DF4-4B17-B829-7CE9574545F8}.Release|Any CPU.Build.0 = Release|Any CPU
		{A1010898-2DF4-4B17-B829-7CE9574545F8}.Release|x64.ActiveCfg = Release|Any CPU
		{A1010898-2DF4-4B17-B829-7CE9574545F8}.Release|x64.Build.0 = Release|Any CPU
		{A1010898-2DF4-4B17-B829-7CE9574545F8}.Release|x86.ActiveCfg = Release|Any CPU
		{A1010898-2DF4-4B17-B829-7CE9574545F8}.Release|x86.Build.0 = Release|Any CPU
		{381B5B80-6544-4A51-A983-8735B3C7DC59}.Debug|Any CPU.ActiveCfg = Debug|Any CPU
		{381B5B80-6544-4A51-A983-8735B3C7DC59}.Debug|Any CPU.Build.0 = Debug|Any CPU
		{381B5B80-6544-4A51-A983-8735B3C7DC59}.Debug|x64.ActiveCfg = Debug|Any CPU
		{381B5B80-6544-4A51-A983-8735B3C7DC59}.Debug|x64.Build.0 = Debug|Any CPU
		{381B5B80-6544-4A51-A983-8735B3C7DC59}.Debug|x86.ActiveCfg = Debug|Any CPU
		{381B5B80-6544-4A51-A983-8735B3C7DC59}.Debug|x86.Build.0 = Debug|Any CPU
		{381B5B80-6544-4A51-A983-8735B3C7DC59}.Release|Any CPU.ActiveCfg = Release|Any CPU
		{381B5B80-6544-4A51-A983-8735B3C7DC59}.Release|Any CPU.Build.0 = Release|Any CPU
		{381B5B80-6544-4A51-A983-8735B3C7DC59}.Release|x64.ActiveCfg = Release|Any CPU
		{381B5B80-6544-4A51-A983-8735B3C7DC59}.Release|x64.Build.0 = Release|Any CPU
		{381B5B80-6544-4A51-A983-8735B3C7DC59}.Release|x86.ActiveCfg = Release|Any CPU
		{381B5B80-6544-4A51-A983-8735B3C7DC59}.Release|x86.Build.0 = Release|Any CPU
		{479556B3-F6A3-49D7-9196-B5B8A55FAA8C}.Debug|Any CPU.ActiveCfg = Debug|Any CPU
		{479556B3-F6A3-49D7-9196-B5B8A55FAA8C}.Debug|Any CPU.Build.0 = Debug|Any CPU
		{479556B3-F6A3-49D7-9196-B5B8A55FAA8C}.Debug|x64.ActiveCfg = Debug|Any CPU
		{479556B3-F6A3-49D7-9196-B5B8A55FAA8C}.Debug|x64.Build.0 = Debug|Any CPU
		{479556B3-F6A3-49D7-9196-B5B8A55FAA8C}.Debug|x86.ActiveCfg = Debug|Any CPU
		{479556B3-F6A3-49D7-9196-B5B8A55FAA8C}.Debug|x86.Build.0 = Debug|Any CPU
		{479556B3-F6A3-49D7-9196-B5B8A55FAA8C}.Release|Any CPU.ActiveCfg = Release|Any CPU
		{479556B3-F6A3-49D7-9196-B5B8A55FAA8C}.Release|Any CPU.Build.0 = Release|Any CPU
		{479556B3-F6A3-49D7-9196-B5B8A55FAA8C}.Release|x64.ActiveCfg = Release|Any CPU
		{479556B3-F6A3-49D7-9196-B5B8A55FAA8C}.Release|x64.Build.0 = Release|Any CPU
		{479556B3-F6A3-49D7-9196-B5B8A55FAA8C}.Release|x86.ActiveCfg = Release|Any CPU
		{479556B3-F6A3-49D7-9196-B5B8A55FAA8C}.Release|x86.Build.0 = Release|Any CPU
		{4064063B-FA37-46EA-BB50-770DE2FCBB83}.Debug|Any CPU.ActiveCfg = Debug|Any CPU
		{4064063B-FA37-46EA-BB50-770DE2FCBB83}.Debug|Any CPU.Build.0 = Debug|Any CPU
		{4064063B-FA37-46EA-BB50-770DE2FCBB83}.Debug|x64.ActiveCfg = Debug|Any CPU
		{4064063B-FA37-46EA-BB50-770DE2FCBB83}.Debug|x64.Build.0 = Debug|Any CPU
		{4064063B-FA37-46EA-BB50-770DE2FCBB83}.Debug|x86.ActiveCfg = Debug|Any CPU
		{4064063B-FA37-46EA-BB50-770DE2FCBB83}.Debug|x86.Build.0 = Debug|Any CPU
		{4064063B-FA37-46EA-BB50-770DE2FCBB83}.Release|Any CPU.ActiveCfg = Release|Any CPU
		{4064063B-FA37-46EA-BB50-770DE2FCBB83}.Release|Any CPU.Build.0 = Release|Any CPU
		{4064063B-FA37-46EA-BB50-770DE2FCBB83}.Release|x64.ActiveCfg = Release|Any CPU
		{4064063B-FA37-46EA-BB50-770DE2FCBB83}.Release|x64.Build.0 = Release|Any CPU
		{4064063B-FA37-46EA-BB50-770DE2FCBB83}.Release|x86.ActiveCfg = Release|Any CPU
		{4064063B-FA37-46EA-BB50-770DE2FCBB83}.Release|x86.Build.0 = Release|Any CPU
	EndGlobalSection
	GlobalSection(NestedProjects) = preSolution
		{F4C13692-5D5D-4586-ADE9-BF97D09D3755} = {E4C4D81E-3478-446A-8458-938C4C25AE4F}
		{1C48F8A6-8C3B-44BA-82F9-FC3B130131F4} = {E4C4D81E-3478-446A-8458-938C4C25AE4F}
		{CD173A68-E42D-4E57-8C3B-EF787C41B48A} = {E4C4D81E-3478-446A-8458-938C4C25AE4F}
		{F7FCB807-8B0B-4101-B6B3-7F19C5DCF9C2} = {AB377343-143F-47CB-925D-47B9A31399AD}
		{101F52C3-DF3A-4D5D-8387-49970117543D} = {AB377343-143F-47CB-925D-47B9A31399AD}
		{2B678528-E2E9-4FA0-B1AC-6F528C1C4BAB} = {AB377343-143F-47CB-925D-47B9A31399AD}
		{C418DF9F-DA88-45FF-A72B-14F15BDF01DA} = {07D9B596-748A-4C5B-BE17-58F7BEBDE14E}
		{F272D10F-D625-499F-9EB9-6E5F72B1C6D3} = {07D9B596-748A-4C5B-BE17-58F7BEBDE14E}
		{4085E66A-9047-4603-93EA-528C7A4D8F16} = {07D9B596-748A-4C5B-BE17-58F7BEBDE14E}
		{2D7A6184-E0E1-43D9-8E80-72DBD4C2AD01} = {2683E618-2351-4A41-8FA4-5E5DC327FE06}
		{519330D1-D19E-4AB8-AEAB-F2913430B687} = {2683E618-2351-4A41-8FA4-5E5DC327FE06}
		{B38215E2-EB20-40C8-B215-AC31AD9BC333} = {2683E618-2351-4A41-8FA4-5E5DC327FE06}
		{42CC25F9-4816-4508-BEB0-283F2C38933A} = {B1752CAF-63FA-4EE1-BBDB-EB67DEB4D639}
		{239E6991-EBDC-4208-9E61-2063E6415E36} = {B1752CAF-63FA-4EE1-BBDB-EB67DEB4D639}
		{0CF8205C-3674-4CA1-9576-9BE87F0DA142} = {B1752CAF-63FA-4EE1-BBDB-EB67DEB4D639}
		{CD15D3C2-76DE-4CD2-8A3E-911D66875AE6} = {CD23F783-0205-4714-ADFF-1FE538A52CFE}
		{3ACC2169-42FC-4DA8-B499-4A54E58B9AB5} = {CD23F783-0205-4714-ADFF-1FE538A52CFE}
		{B71C2C43-C12B-4E91-9432-8593B059F374} = {CD23F783-0205-4714-ADFF-1FE538A52CFE}
		{3AE26A7F-F441-4695-B141-063180A005BE} = {158440F4-85D9-4A15-8F42-836B2576C6F1}
		{8B302224-4DB3-42BD-9894-151D0A001C27} = {158440F4-85D9-4A15-8F42-836B2576C6F1}
		{A1010898-2DF4-4B17-B829-7CE9574545F8} = {158440F4-85D9-4A15-8F42-836B2576C6F1}
		{381B5B80-6544-4A51-A983-8735B3C7DC59} = {7E93A883-A7F7-4A37-A79C-530FF4B16ADC}
		{479556B3-F6A3-49D7-9196-B5B8A55FAA8C} = {7E93A883-A7F7-4A37-A79C-530FF4B16ADC}
		{4064063B-FA37-46EA-BB50-770DE2FCBB83} = {7E93A883-A7F7-4A37-A79C-530FF4B16ADC}
	EndGlobalSection
EndGlobal
